
Microsoft Visual Studio Solution File, Format Version 12.00
# Visual Studio Version 17
VisualStudioVersion = 17.13.35818.85 d17.13
MinimumVisualStudioVersion = 10.0.40219.1
Project("{FAE04EC0-301F-11D3-BF4B-00C04F79EFBC}") = "ABCRetail.Cloud", "ABCRetail.Cloud.csproj", "{B0050289-9755-4136-B9AE-977E8AE081D8}"
EndProject
Global
	GlobalSection(SolutionConfigurationPlatforms) = preSolution
		Debug|Any CPU = Debug|Any CPU
		Release|Any CPU = Release|Any CPU
	EndGlobalSection
	GlobalSection(ProjectConfigurationPlatforms) = postSolution
		{B0050289-9755-4136-B9AE-977E8AE081D8}.Debug|Any CPU.ActiveCfg = Debug|Any CPU
		{B0050289-9755-4136-B9AE-977E8AE081D8}.Debug|Any CPU.Build.0 = Debug|Any CPU
		{B0050289-9755-4136-B9AE-977E8AE081D8}.Release|Any CPU.ActiveCfg = Release|Any CPU
		{B0050289-9755-4136-B9AE-977E8AE081D8}.Release|Any CPU.Build.0 = Release|Any CPU
	EndGlobalSection
	GlobalSection(SolutionProperties) = preSolution
		HideSolutionNode = FALSE
	EndGlobalSection
	GlobalSection(ExtensibilityGlobals) = postSolution
		SolutionGuid = {0DC24281-25A7-48A1-B455-8E1DBEA3EA1B}
	EndGlobalSection
EndGlobal
